// !$*UTF8*$!
{
	archiveVersion = 1;
	classes = {
	};
	objectVersion = 46;
	objects = {

/* Begin PBXBuildFile section */
		8BAC016D1F73BBE9006A582C /* main.m in Sources */ = {isa = PBXBuildFile; fileRef = 8BAC016C1F73BBE9006A582C /* main.m */; };
		8BAC01701F73BBE9006A582C /* AppDelegate.m in Sources */ = {isa = PBXBuildFile; fileRef = 8BAC016F1F73BBE9006A582C /* AppDelegate.m */; };
		8BAC01781F73BBE9006A582C /* Assets.xcassets in Resources */ = {isa = PBXBuildFile; fileRef = 8BAC01771F73BBE9006A582C /* Assets.xcassets */; };
		8BAC017B1F73BBE9006A582C /* LaunchScreen.storyboard in Resources */ = {isa = PBXBuildFile; fileRef = 8BAC01791F73BBE9006A582C /* LaunchScreen.storyboard */; };
		8BD025D61F73BC9A00B8796F /* UnitedKit-Info.plist in Resources */ = {isa = PBXBuildFile; fileRef = 8BD0257B1F73BC9A00B8796F /* UnitedKit-Info.plist */; };
		FA3A1F9C21F994EE002D9B6C /* HomeViewController.m in Sources */ = {isa = PBXBuildFile; fileRef = FA3A1F6E21F994EE002D9B6C /* HomeViewController.m */; };
		FA3A1F9D21F994EE002D9B6C /* BaseNavigationController.m in Sources */ = {isa = PBXBuildFile; fileRef = FA3A1F7121F994EE002D9B6C /* BaseNavigationController.m */; };
		FA3A1F9E21F994EE002D9B6C /* MediaCaptureController.m in Sources */ = {isa = PBXBuildFile; fileRef = FA3A1F7421F994EE002D9B6C /* MediaCaptureController.m */; };
		FA3A1F9F21F994EE002D9B6C /* GalleryViewController.m in Sources */ = {isa = PBXBuildFile; fileRef = FA3A1F7721F994EE002D9B6C /* GalleryViewController.m */; };
		FA3A1FA021F994EE002D9B6C /* AudioPlayViewController.m in Sources */ = {isa = PBXBuildFile; fileRef = FA3A1F7A21F994EE002D9B6C /* AudioPlayViewController.m */; };
		FA3A1FA121F994EE002D9B6C /* MMAudioUtil.m in Sources */ = {isa = PBXBuildFile; fileRef = FA3A1F7B21F994EE002D9B6C /* MMAudioUtil.m */; };
		FA3A1FA221F994EE002D9B6C /* RecorderViewController.m in Sources */ = {isa = PBXBuildFile; fileRef = FA3A1F7C21F994EE002D9B6C /* RecorderViewController.m */; };
		FA3A1FA321F994EE002D9B6C /* EditorViewController.m in Sources */ = {isa = PBXBuildFile; fileRef = FA3A1F8221F994EE002D9B6C /* EditorViewController.m */; };
		FA3A1FA421F994EE002D9B6C /* PhotoModel.m in Sources */ = {isa = PBXBuildFile; fileRef = FA3A1F8521F994EE002D9B6C /* PhotoModel.m */; };
		FA3A1FA521F994EE002D9B6C /* MMEditView.m in Sources */ = {isa = PBXBuildFile; fileRef = FA3A1F8921F994EE002D9B6C /* MMEditView.m */; };
		FA3A1FA621F994EE002D9B6C /* MMImageClipper.m in Sources */ = {isa = PBXBuildFile; fileRef = FA3A1F8A21F994EE002D9B6C /* MMImageClipper.m */; };
		FA3A1FA721F994EE002D9B6C /* MMBorderView.m in Sources */ = {isa = PBXBuildFile; fileRef = FA3A1F8C21F994EE002D9B6C /* MMBorderView.m */; };
		FA3A1FA821F994EE002D9B6C /* MMTabBar.m in Sources */ = {isa = PBXBuildFile; fileRef = FA3A1F8F21F994EE002D9B6C /* MMTabBar.m */; };
		FA3A1FA921F994EE002D9B6C /* Utility.m in Sources */ = {isa = PBXBuildFile; fileRef = FA3A1F9221F994EE002D9B6C /* Utility.m */; };
		FA3A1FAA21F994EE002D9B6C /* UIImage+Editor.m in Sources */ = {isa = PBXBuildFile; fileRef = FA3A1F9321F994EE002D9B6C /* UIImage+Editor.m */; };
		FA3A1FAB21F994EE002D9B6C /* NSString+Category.m in Sources */ = {isa = PBXBuildFile; fileRef = FA3A1F9421F994EE002D9B6C /* NSString+Category.m */; };
		FA3A1FAC21F994EE002D9B6C /* JKDBModel.m in Sources */ = {isa = PBXBuildFile; fileRef = FA3A1F9721F994EE002D9B6C /* JKDBModel.m */; };
		FA3A1FAD21F994EE002D9B6C /* JKDBHelper.m in Sources */ = {isa = PBXBuildFile; fileRef = FA3A1F9821F994EE002D9B6C /* JKDBHelper.m */; };
		FD5715F18CDD45BC776DA2AD /* libPods-MediaUnitedKit.a in Frameworks */ = {isa = PBXBuildFile; fileRef = A90E832BAF66F361C8A73EA8 /* libPods-MediaUnitedKit.a */; };
/* End PBXBuildFile section */

/* Begin PBXFileReference section */
		2A12094C1FC53FC41762BC42 /* Pods-MediaUnitedKit.release.xcconfig */ = {isa = PBXFileReference; includeInIndex = 1; lastKnownFileType = text.xcconfig; name = "Pods-MediaUnitedKit.release.xcconfig"; path = "Pods/Target Support Files/Pods-MediaUnitedKit/Pods-MediaUnitedKit.release.xcconfig"; sourceTree = "<group>"; };
		7063FE2ECE54AFE525576F0B /* Pods-MediaUnitedKit.debug.xcconfig */ = {isa = PBXFileReference; includeInIndex = 1; lastKnownFileType = text.xcconfig; name = "Pods-MediaUnitedKit.debug.xcconfig"; path = "Pods/Target Support Files/Pods-MediaUnitedKit/Pods-MediaUnitedKit.debug.xcconfig"; sourceTree = "<group>"; };
		8BAC01681F73BBE9006A582C /* MediaUnitedKit.app */ = {isa = PBXFileReference; explicitFileType = wrapper.application; includeInIndex = 0; path = MediaUnitedKit.app; sourceTree = BUILT_PRODUCTS_DIR; };
		8BAC016C1F73BBE9006A582C /* main.m */ = {isa = PBXFileReference; lastKnownFileType = sourcecode.c.objc; path = main.m; sourceTree = "<group>"; };
		8BAC016E1F73BBE9006A582C /* AppDelegate.h */ = {isa = PBXFileReference; lastKnownFileType = sourcecode.c.h; path = AppDelegate.h; sourceTree = "<group>"; };
		8BAC016F1F73BBE9006A582C /* AppDelegate.m */ = {isa = PBXFileReference; lastKnownFileType = sourcecode.c.objc; path = AppDelegate.m; sourceTree = "<group>"; };
		8BAC01771F73BBE9006A582C /* Assets.xcassets */ = {isa = PBXFileReference; lastKnownFileType = folder.assetcatalog; path = Assets.xcassets; sourceTree = "<group>"; };
		8BAC017A1F73BBE9006A582C /* Base */ = {isa = PBXFileReference; lastKnownFileType = file.storyboard; name = Base; path = Base.lproj/LaunchScreen.storyboard; sourceTree = "<group>"; };
		8BD0257B1F73BC9A00B8796F /* UnitedKit-Info.plist */ = {isa = PBXFileReference; fileEncoding = 4; lastKnownFileType = text.plist.xml; path = "UnitedKit-Info.plist"; sourceTree = "<group>"; };
		8BD025D51F73BC9A00B8796F /* UnitedKit-Prefix.pch */ = {isa = PBXFileReference; fileEncoding = 4; lastKnownFileType = sourcecode.c.h; path = "UnitedKit-Prefix.pch"; sourceTree = "<group>"; };
		A90E832BAF66F361C8A73EA8 /* libPods-MediaUnitedKit.a */ = {isa = PBXFileReference; explicitFileType = archive.ar; includeInIndex = 0; path = "libPods-MediaUnitedKit.a"; sourceTree = BUILT_PRODUCTS_DIR; };
		FA3A1F6E21F994EE002D9B6C /* HomeViewController.m */ = {isa = PBXFileReference; fileEncoding = 4; lastKnownFileType = sourcecode.c.objc; path = HomeViewController.m; sourceTree = "<group>"; };
		FA3A1F6F21F994EE002D9B6C /* HomeViewController.h */ = {isa = PBXFileReference; fileEncoding = 4; lastKnownFileType = sourcecode.c.h; path = HomeViewController.h; sourceTree = "<group>"; };
		FA3A1F7021F994EE002D9B6C /* BaseNavigationController.h */ = {isa = PBXFileReference; fileEncoding = 4; lastKnownFileType = sourcecode.c.h; path = BaseNavigationController.h; sourceTree = "<group>"; };
		FA3A1F7121F994EE002D9B6C /* BaseNavigationController.m */ = {isa = PBXFileReference; fileEncoding = 4; lastKnownFileType = sourcecode.c.objc; path = BaseNavigationController.m; sourceTree = "<group>"; };
		FA3A1F7421F994EE002D9B6C /* MediaCaptureController.m */ = {isa = PBXFileReference; fileEncoding = 4; lastKnownFileType = sourcecode.c.objc; path = MediaCaptureController.m; sourceTree = "<group>"; };
		FA3A1F7521F994EE002D9B6C /* MediaCaptureController.h */ = {isa = PBXFileReference; fileEncoding = 4; lastKnownFileType = sourcecode.c.h; path = MediaCaptureController.h; sourceTree = "<group>"; };
		FA3A1F7721F994EE002D9B6C /* GalleryViewController.m */ = {isa = PBXFileReference; fileEncoding = 4; lastKnownFileType = sourcecode.c.objc; path = GalleryViewController.m; sourceTree = "<group>"; };
		FA3A1F7821F994EE002D9B6C /* GalleryViewController.h */ = {isa = PBXFileReference; fileEncoding = 4; lastKnownFileType = sourcecode.c.h; path = GalleryViewController.h; sourceTree = "<group>"; };
		FA3A1F7A21F994EE002D9B6C /* AudioPlayViewController.m */ = {isa = PBXFileReference; fileEncoding = 4; lastKnownFileType = sourcecode.c.objc; path = AudioPlayViewController.m; sourceTree = "<group>"; };
		FA3A1F7B21F994EE002D9B6C /* MMAudioUtil.m */ = {isa = PBXFileReference; fileEncoding = 4; lastKnownFileType = sourcecode.c.objc; path = MMAudioUtil.m; sourceTree = "<group>"; };
		FA3A1F7C21F994EE002D9B6C /* RecorderViewController.m */ = {isa = PBXFileReference; fileEncoding = 4; lastKnownFileType = sourcecode.c.objc; path = RecorderViewController.m; sourceTree = "<group>"; };
		FA3A1F7D21F994EE002D9B6C /* AudioPlayViewController.h */ = {isa = PBXFileReference; fileEncoding = 4; lastKnownFileType = sourcecode.c.h; path = AudioPlayViewController.h; sourceTree = "<group>"; };
		FA3A1F7E21F994EE002D9B6C /* MMAudioUtil.h */ = {isa = PBXFileReference; fileEncoding = 4; lastKnownFileType = sourcecode.c.h; path = MMAudioUtil.h; sourceTree = "<group>"; };
		FA3A1F7F21F994EE002D9B6C /* RecorderViewController.h */ = {isa = PBXFileReference; fileEncoding = 4; lastKnownFileType = sourcecode.c.h; path = RecorderViewController.h; sourceTree = "<group>"; };
		FA3A1F8221F994EE002D9B6C /* EditorViewController.m */ = {isa = PBXFileReference; fileEncoding = 4; lastKnownFileType = sourcecode.c.objc; path = EditorViewController.m; sourceTree = "<group>"; };
		FA3A1F8321F994EE002D9B6C /* EditorViewController.h */ = {isa = PBXFileReference; fileEncoding = 4; lastKnownFileType = sourcecode.c.h; path = EditorViewController.h; sourceTree = "<group>"; };
		FA3A1F8521F994EE002D9B6C /* PhotoModel.m */ = {isa = PBXFileReference; fileEncoding = 4; lastKnownFileType = sourcecode.c.objc; path = PhotoModel.m; sourceTree = "<group>"; };
		FA3A1F8621F994EE002D9B6C /* PhotoModel.h */ = {isa = PBXFileReference; fileEncoding = 4; lastKnownFileType = sourcecode.c.h; path = PhotoModel.h; sourceTree = "<group>"; };
		FA3A1F8821F994EE002D9B6C /* MMBorderView.h */ = {isa = PBXFileReference; fileEncoding = 4; lastKnownFileType = sourcecode.c.h; path = MMBorderView.h; sourceTree = "<group>"; };
		FA3A1F8921F994EE002D9B6C /* MMEditView.m */ = {isa = PBXFileReference; fileEncoding = 4; lastKnownFileType = sourcecode.c.objc; path = MMEditView.m; sourceTree = "<group>"; };
		FA3A1F8A21F994EE002D9B6C /* MMImageClipper.m */ = {isa = PBXFileReference; fileEncoding = 4; lastKnownFileType = sourcecode.c.objc; path = MMImageClipper.m; sourceTree = "<group>"; };
		FA3A1F8B21F994EE002D9B6C /* MMTabBar.h */ = {isa = PBXFileReference; fileEncoding = 4; lastKnownFileType = sourcecode.c.h; path = MMTabBar.h; sourceTree = "<group>"; };
		FA3A1F8C21F994EE002D9B6C /* MMBorderView.m */ = {isa = PBXFileReference; fileEncoding = 4; lastKnownFileType = sourcecode.c.objc; path = MMBorderView.m; sourceTree = "<group>"; };
		FA3A1F8D21F994EE002D9B6C /* MMImageClipper.h */ = {isa = PBXFileReference; fileEncoding = 4; lastKnownFileType = sourcecode.c.h; path = MMImageClipper.h; sourceTree = "<group>"; };
		FA3A1F8E21F994EE002D9B6C /* MMEditView.h */ = {isa = PBXFileReference; fileEncoding = 4; lastKnownFileType = sourcecode.c.h; path = MMEditView.h; sourceTree = "<group>"; };
		FA3A1F8F21F994EE002D9B6C /* MMTabBar.m */ = {isa = PBXFileReference; fileEncoding = 4; lastKnownFileType = sourcecode.c.objc; path = MMTabBar.m; sourceTree = "<group>"; };
		FA3A1F9121F994EE002D9B6C /* NSString+Category.h */ = {isa = PBXFileReference; fileEncoding = 4; lastKnownFileType = sourcecode.c.h; path = "NSString+Category.h"; sourceTree = "<group>"; };
		FA3A1F9221F994EE002D9B6C /* Utility.m */ = {isa = PBXFileReference; fileEncoding = 4; lastKnownFileType = sourcecode.c.objc; path = Utility.m; sourceTree = "<group>"; };
		FA3A1F9321F994EE002D9B6C /* UIImage+Editor.m */ = {isa = PBXFileReference; fileEncoding = 4; lastKnownFileType = sourcecode.c.objc; path = "UIImage+Editor.m"; sourceTree = "<group>"; };
		FA3A1F9421F994EE002D9B6C /* NSString+Category.m */ = {isa = PBXFileReference; fileEncoding = 4; lastKnownFileType = sourcecode.c.objc; path = "NSString+Category.m"; sourceTree = "<group>"; };
		FA3A1F9521F994EE002D9B6C /* Utility.h */ = {isa = PBXFileReference; fileEncoding = 4; lastKnownFileType = sourcecode.c.h; path = Utility.h; sourceTree = "<group>"; };
		FA3A1F9721F994EE002D9B6C /* JKDBModel.m */ = {isa = PBXFileReference; fileEncoding = 4; lastKnownFileType = sourcecode.c.objc; path = JKDBModel.m; sourceTree = "<group>"; };
		FA3A1F9821F994EE002D9B6C /* JKDBHelper.m */ = {isa = PBXFileReference; fileEncoding = 4; lastKnownFileType = sourcecode.c.objc; path = JKDBHelper.m; sourceTree = "<group>"; };
		FA3A1F9921F994EE002D9B6C /* JKDBModel.h */ = {isa = PBXFileReference; fileEncoding = 4; lastKnownFileType = sourcecode.c.h; path = JKDBModel.h; sourceTree = "<group>"; };
		FA3A1F9A21F994EE002D9B6C /* JKDBHelper.h */ = {isa = PBXFileReference; fileEncoding = 4; lastKnownFileType = sourcecode.c.h; path = JKDBHelper.h; sourceTree = "<group>"; };
		FA3A1F9B21F994EE002D9B6C /* UIImage+Editor.h */ = {isa = PBXFileReference; fileEncoding = 4; lastKnownFileType = sourcecode.c.h; path = "UIImage+Editor.h"; sourceTree = "<group>"; };
/* End PBXFileReference section */

/* Begin PBXFrameworksBuildPhase section */
		8BAC01651F73BBE7006A582C /* Frameworks */ = {
			isa = PBXFrameworksBuildPhase;
			buildActionMask = 2147483647;
			files = (
				FD5715F18CDD45BC776DA2AD /* libPods-MediaUnitedKit.a in Frameworks */,
			);
			runOnlyForDeploymentPostprocessing = 0;
		};
/* End PBXFrameworksBuildPhase section */

/* Begin PBXGroup section */
		8BAC015F1F73BBE7006A582C = {
			isa = PBXGroup;
			children = (
				8BAC016A1F73BBE9006A582C /* MediaUnitedKit */,
				8BAC01691F73BBE9006A582C /* Products */,
				BE018173FE750D51C1DB0910 /* Pods */,
				8F1D972C1C60F1F877C89B2A /* Frameworks */,
			);
			sourceTree = "<group>";
		};
		8BAC01691F73BBE9006A582C /* Products */ = {
			isa = PBXGroup;
			children = (
				8BAC01681F73BBE9006A582C /* MediaUnitedKit.app */,
			);
			name = Products;
			sourceTree = "<group>";
		};
		8BAC016A1F73BBE9006A582C /* MediaUnitedKit */ = {
			isa = PBXGroup;
			children = (
				FA3A1F9021F994EE002D9B6C /* Utility */,
				FA3A1F7221F994EE002D9B6C /* UnitTool */,
				FA3A1F7021F994EE002D9B6C /* BaseNavigationController.h */,
				FA3A1F7121F994EE002D9B6C /* BaseNavigationController.m */,
				FA3A1F6F21F994EE002D9B6C /* HomeViewController.h */,
				FA3A1F6E21F994EE002D9B6C /* HomeViewController.m */,
				8BAC016E1F73BBE9006A582C /* AppDelegate.h */,
				8BAC016F1F73BBE9006A582C /* AppDelegate.m */,
				8BAC016B1F73BBE9006A582C /* Supporting Files */,
			);
			path = MediaUnitedKit;
			sourceTree = "<group>";
		};
		8BAC016B1F73BBE9006A582C /* Supporting Files */ = {
			isa = PBXGroup;
			children = (
				8BAC01771F73BBE9006A582C /* Assets.xcassets */,
				8BD0257B1F73BC9A00B8796F /* UnitedKit-Info.plist */,
				8BD025D51F73BC9A00B8796F /* UnitedKit-Prefix.pch */,
				8BAC01791F73BBE9006A582C /* LaunchScreen.storyboard */,
				8BAC016C1F73BBE9006A582C /* main.m */,
			);
			name = "Supporting Files";
			sourceTree = "<group>";
		};
		8F1D972C1C60F1F877C89B2A /* Frameworks */ = {
			isa = PBXGroup;
			children = (
				A90E832BAF66F361C8A73EA8 /* libPods-MediaUnitedKit.a */,
			);
			name = Frameworks;
			sourceTree = "<group>";
		};
		BE018173FE750D51C1DB0910 /* Pods */ = {
			isa = PBXGroup;
			children = (
				7063FE2ECE54AFE525576F0B /* Pods-MediaUnitedKit.debug.xcconfig */,
				2A12094C1FC53FC41762BC42 /* Pods-MediaUnitedKit.release.xcconfig */,
			);
			name = Pods;
			sourceTree = "<group>";
		};
		FA3A1F7221F994EE002D9B6C /* UnitTool */ = {
			isa = PBXGroup;
			children = (
				FA3A1F7921F994EE002D9B6C /* Unit-Audio */,
				FA3A1F7321F994EE002D9B6C /* Unit-Video */,
				FA3A1F8021F994EE002D9B6C /* Unit-Editor */,
				FA3A1F7621F994EE002D9B6C /* Unit-Gallery */,
			);
			path = UnitTool;
			sourceTree = "<group>";
		};
		FA3A1F7321F994EE002D9B6C /* Unit-Video */ = {
			isa = PBXGroup;
			children = (
				FA3A1F7521F994EE002D9B6C /* MediaCaptureController.h */,
				FA3A1F7421F994EE002D9B6C /* MediaCaptureController.m */,
			);
			path = "Unit-Video";
			sourceTree = "<group>";
		};
		FA3A1F7621F994EE002D9B6C /* Unit-Gallery */ = {
			isa = PBXGroup;
			children = (
				FA3A1F7821F994EE002D9B6C /* GalleryViewController.h */,
				FA3A1F7721F994EE002D9B6C /* GalleryViewController.m */,
			);
			path = "Unit-Gallery";
			sourceTree = "<group>";
		};
		FA3A1F7921F994EE002D9B6C /* Unit-Audio */ = {
			isa = PBXGroup;
			children = (
				FA3A1F7F21F994EE002D9B6C /* RecorderViewController.h */,
				FA3A1F7C21F994EE002D9B6C /* RecorderViewController.m */,
				FA3A1F7D21F994EE002D9B6C /* AudioPlayViewController.h */,
				FA3A1F7A21F994EE002D9B6C /* AudioPlayViewController.m */,
				FA3A1F7E21F994EE002D9B6C /* MMAudioUtil.h */,
				FA3A1F7B21F994EE002D9B6C /* MMAudioUtil.m */,
			);
			path = "Unit-Audio";
			sourceTree = "<group>";
		};
		FA3A1F8021F994EE002D9B6C /* Unit-Editor */ = {
			isa = PBXGroup;
			children = (
				FA3A1F8121F994EE002D9B6C /* Controller */,
				FA3A1F8421F994EE002D9B6C /* Model */,
				FA3A1F8721F994EE002D9B6C /* View */,
			);
			path = "Unit-Editor";
			sourceTree = "<group>";
		};
		FA3A1F8121F994EE002D9B6C /* Controller */ = {
			isa = PBXGroup;
			children = (
				FA3A1F8321F994EE002D9B6C /* EditorViewController.h */,
				FA3A1F8221F994EE002D9B6C /* EditorViewController.m */,
			);
			path = Controller;
			sourceTree = "<group>";
		};
		FA3A1F8421F994EE002D9B6C /* Model */ = {
			isa = PBXGroup;
			children = (
				FA3A1F8621F994EE002D9B6C /* PhotoModel.h */,
				FA3A1F8521F994EE002D9B6C /* PhotoModel.m */,
			);
			path = Model;
			sourceTree = "<group>";
		};
		FA3A1F8721F994EE002D9B6C /* View */ = {
			isa = PBXGroup;
			children = (
				FA3A1F8D21F994EE002D9B6C /* MMImageClipper.h */,
				FA3A1F8A21F994EE002D9B6C /* MMImageClipper.m */,
				FA3A1F8B21F994EE002D9B6C /* MMTabBar.h */,
				FA3A1F8F21F994EE002D9B6C /* MMTabBar.m */,
				FA3A1F8E21F994EE002D9B6C /* MMEditView.h */,
				FA3A1F8921F994EE002D9B6C /* MMEditView.m */,
				FA3A1F8821F994EE002D9B6C /* MMBorderView.h */,
				FA3A1F8C21F994EE002D9B6C /* MMBorderView.m */,
			);
			path = View;
			sourceTree = "<group>";
		};
		FA3A1F9021F994EE002D9B6C /* Utility */ = {
			isa = PBXGroup;
			children = (
				FA3A1F9621F994EE002D9B6C /* JKDB */,
				FA3A1F9521F994EE002D9B6C /* Utility.h */,
				FA3A1F9221F994EE002D9B6C /* Utility.m */,
				FA3A1F9B21F994EE002D9B6C /* UIImage+Editor.h */,
				FA3A1F9321F994EE002D9B6C /* UIImage+Editor.m */,
				FA3A1F9121F994EE002D9B6C /* NSString+Category.h */,
				FA3A1F9421F994EE002D9B6C /* NSString+Category.m */,
			);
			path = Utility;
			sourceTree = "<group>";
		};
		FA3A1F9621F994EE002D9B6C /* JKDB */ = {
			isa = PBXGroup;
			children = (
				FA3A1F9A21F994EE002D9B6C /* JKDBHelper.h */,
				FA3A1F9821F994EE002D9B6C /* JKDBHelper.m */,
				FA3A1F9921F994EE002D9B6C /* JKDBModel.h */,
				FA3A1F9721F994EE002D9B6C /* JKDBModel.m */,
			);
			path = JKDB;
			sourceTree = "<group>";
		};
/* End PBXGroup section */

/* Begin PBXNativeTarget section */
		8BAC01671F73BBE7006A582C /* MediaUnitedKit */ = {
			isa = PBXNativeTarget;
			buildConfigurationList = 8BAC017F1F73BBE9006A582C /* Build configuration list for PBXNativeTarget "MediaUnitedKit" */;
			buildPhases = (
				BBB9C7A84B59E3B8DDD7918A /* [CP] Check Pods Manifest.lock */,
				8BAC01641F73BBE7006A582C /* Sources */,
				8BAC01651F73BBE7006A582C /* Frameworks */,
				8BAC01661F73BBE7006A582C /* Resources */,
				9DD70E4887F87E318984F7EA /* [CP] Copy Pods Resources */,
				DDA3CF284B8B18C6199E4756 /* [CP] Embed Pods Frameworks */,
			);
			buildRules = (
			);
			dependencies = (
			);
			name = MediaUnitedKit;
			productName = MediaUnitedKit;
			productReference = 8BAC01681F73BBE9006A582C /* MediaUnitedKit.app */;
			productType = "com.apple.product-type.application";
		};
/* End PBXNativeTarget section */

/* Begin PBXProject section */
		8BAC01601F73BBE7006A582C /* Project object */ = {
			isa = PBXProject;
			attributes = {
				LastUpgradeCheck = 0820;
				ORGANIZATIONNAME = LEA;
				TargetAttributes = {
					8BAC01671F73BBE7006A582C = {
						CreatedOnToolsVersion = 8.2;
						DevelopmentTeam = GRSZLFFNPH;
						ProvisioningStyle = Automatic;
					};
				};
			};
			buildConfigurationList = 8BAC01631F73BBE7006A582C /* Build configuration list for PBXProject "MediaUnitedKit" */;
			compatibilityVersion = "Xcode 3.2";
			developmentRegion = English;
			hasScannedForEncodings = 0;
			knownRegions = (
				en,
				Base,
			);
			mainGroup = 8BAC015F1F73BBE7006A582C;
			productRefGroup = 8BAC01691F73BBE9006A582C /* Products */;
			projectDirPath = "";
			projectRoot = "";
			targets = (
				8BAC01671F73BBE7006A582C /* MediaUnitedKit */,
			);
		};
/* End PBXProject section */

/* Begin PBXResourcesBuildPhase section */
		8BAC01661F73BBE7006A582C /* Resources */ = {
			isa = PBXResourcesBuildPhase;
			buildActionMask = 2147483647;
			files = (
				8BAC017B1F73BBE9006A582C /* LaunchScreen.storyboard in Resources */,
				8BD025D61F73BC9A00B8796F /* UnitedKit-Info.plist in Resources */,
				8BAC01781F73BBE9006A582C /* Assets.xcassets in Resources */,
			);
			runOnlyForDeploymentPostprocessing = 0;
		};
/* End PBXResourcesBuildPhase section */

/* Begin PBXShellScriptBuildPhase section */
		9DD70E4887F87E318984F7EA /* [CP] Copy Pods Resources */ = {
			isa = PBXShellScriptBuildPhase;
			buildActionMask = 2147483647;
			files = (
			);
			inputPaths = (
				"${SRCROOT}/Pods/Target Support Files/Pods-MediaUnitedKit/Pods-MediaUnitedKit-resources.sh",
				"${PODS_ROOT}/GPUImage/framework/Resources/lookup.png",
				"${PODS_ROOT}/GPUImage/framework/Resources/lookup_amatorka.png",
				"${PODS_ROOT}/GPUImage/framework/Resources/lookup_miss_etikate.png",
				"${PODS_ROOT}/GPUImage/framework/Resources/lookup_soft_elegance_1.png",
				"${PODS_ROOT}/GPUImage/framework/Resources/lookup_soft_elegance_2.png",
				"${PODS_ROOT}/MMPhotoPicker/MMPhotoPicker/MMPhotoPicker.bundle",
			);
			name = "[CP] Copy Pods Resources";
			outputPaths = (
				"${TARGET_BUILD_DIR}/${UNLOCALIZED_RESOURCES_FOLDER_PATH}/lookup.png",
				"${TARGET_BUILD_DIR}/${UNLOCALIZED_RESOURCES_FOLDER_PATH}/lookup_amatorka.png",
				"${TARGET_BUILD_DIR}/${UNLOCALIZED_RESOURCES_FOLDER_PATH}/lookup_miss_etikate.png",
				"${TARGET_BUILD_DIR}/${UNLOCALIZED_RESOURCES_FOLDER_PATH}/lookup_soft_elegance_1.png",
				"${TARGET_BUILD_DIR}/${UNLOCALIZED_RESOURCES_FOLDER_PATH}/lookup_soft_elegance_2.png",
				"${TARGET_BUILD_DIR}/${UNLOCALIZED_RESOURCES_FOLDER_PATH}/MMPhotoPicker.bundle",
			);
			runOnlyForDeploymentPostprocessing = 0;
			shellPath = /bin/sh;
			shellScript = "\"${SRCROOT}/Pods/Target Support Files/Pods-MediaUnitedKit/Pods-MediaUnitedKit-resources.sh\"\n";
			showEnvVarsInLog = 0;
		};
		BBB9C7A84B59E3B8DDD7918A /* [CP] Check Pods Manifest.lock */ = {
			isa = PBXShellScriptBuildPhase;
			buildActionMask = 2147483647;
			files = (
			);
			inputPaths = (
				"${PODS_PODFILE_DIR_PATH}/Podfile.lock",
				"${PODS_ROOT}/Manifest.lock",
			);
			name = "[CP] Check Pods Manifest.lock";
			outputPaths = (
				"$(DERIVED_FILE_DIR)/Pods-MediaUnitedKit-checkManifestLockResult.txt",
			);
			runOnlyForDeploymentPostprocessing = 0;
			shellPath = /bin/sh;
			shellScript = "diff \"${PODS_PODFILE_DIR_PATH}/Podfile.lock\" \"${PODS_ROOT}/Manifest.lock\" > /dev/null\nif [ $? != 0 ] ; then\n    # print error to STDERR\n    echo \"error: The sandbox is not in sync with the Podfile.lock. Run 'pod install' or update your CocoaPods installation.\" >&2\n    exit 1\nfi\n# This output is used by Xcode 'outputs' to avoid re-running this script phase.\necho \"SUCCESS\" > \"${SCRIPT_OUTPUT_FILE_0}\"\n";
			showEnvVarsInLog = 0;
		};
		DDA3CF284B8B18C6199E4756 /* [CP] Embed Pods Frameworks */ = {
			isa = PBXShellScriptBuildPhase;
			buildActionMask = 2147483647;
			files = (
			);
			inputFileListPaths = (
			);
			inputPaths = (
			);
			name = "[CP] Embed Pods Frameworks";
			outputFileListPaths = (
			);
			outputPaths = (
			);
			runOnlyForDeploymentPostprocessing = 0;
			shellPath = /bin/sh;
			shellScript = "\"${SRCROOT}/Pods/Target Support Files/Pods-MediaUnitedKit/Pods-MediaUnitedKit-frameworks.sh\"\n";
			showEnvVarsInLog = 0;
		};
/* End PBXShellScriptBuildPhase section */

/* Begin PBXSourcesBuildPhase section */
		8BAC01641F73BBE7006A582C /* Sources */ = {
			isa = PBXSourcesBuildPhase;
			buildActionMask = 2147483647;
			files = (
				FA3A1F9D21F994EE002D9B6C /* BaseNavigationController.m in Sources */,
				FA3A1FA021F994EE002D9B6C /* AudioPlayViewController.m in Sources */,
				FA3A1FAD21F994EE002D9B6C /* JKDBHelper.m in Sources */,
				FA3A1FA621F994EE002D9B6C /* MMImageClipper.m in Sources */,
				FA3A1FA121F994EE002D9B6C /* MMAudioUtil.m in Sources */,
				FA3A1FA321F994EE002D9B6C /* EditorViewController.m in Sources */,
				FA3A1FAA21F994EE002D9B6C /* UIImage+Editor.m in Sources */,
				FA3A1F9E21F994EE002D9B6C /* MediaCaptureController.m in Sources */,
				FA3A1FA721F994EE002D9B6C /* MMBorderView.m in Sources */,
				FA3A1FAC21F994EE002D9B6C /* JKDBModel.m in Sources */,
				8BAC01701F73BBE9006A582C /* AppDelegate.m in Sources */,
				FA3A1FA921F994EE002D9B6C /* Utility.m in Sources */,
				8BAC016D1F73BBE9006A582C /* main.m in Sources */,
				FA3A1FA421F994EE002D9B6C /* PhotoModel.m in Sources */,
				FA3A1FA221F994EE002D9B6C /* RecorderViewController.m in Sources */,
				FA3A1FAB21F994EE002D9B6C /* NSString+Category.m in Sources */,
				FA3A1F9C21F994EE002D9B6C /* HomeViewController.m in Sources */,
				FA3A1FA521F994EE002D9B6C /* MMEditView.m in Sources */,
				FA3A1FA821F994EE002D9B6C /* MMTabBar.m in Sources */,
				FA3A1F9F21F994EE002D9B6C /* GalleryViewController.m in Sources */,
			);
			runOnlyForDeploymentPostprocessing = 0;
		};
/* End PBXSourcesBuildPhase section */

/* Begin PBXVariantGroup section */
		8BAC01791F73BBE9006A582C /* LaunchScreen.storyboard */ = {
			isa = PBXVariantGroup;
			children = (
				8BAC017A1F73BBE9006A582C /* Base */,
			);
			name = LaunchScreen.storyboard;
			sourceTree = "<group>";
		};
/* End PBXVariantGroup section */

/* Begin XCBuildConfiguration section */
		8BAC017D1F73BBE9006A582C /* Debug */ = {
			isa = XCBuildConfiguration;
			buildSettings = {
				ALWAYS_SEARCH_USER_PATHS = NO;
				CLANG_ANALYZER_NONNULL = YES;
				CLANG_CXX_LANGUAGE_STANDARD = "gnu++0x";
				CLANG_CXX_LIBRARY = "libc++";
				CLANG_ENABLE_MODULES = YES;
				CLANG_ENABLE_OBJC_ARC = YES;
				CLANG_WARN_BOOL_CONVERSION = YES;
				CLANG_WARN_CONSTANT_CONVERSION = YES;
				CLANG_WARN_DIRECT_OBJC_ISA_USAGE = YES_ERROR;
				CLANG_WARN_DOCUMENTATION_COMMENTS = YES;
				CLANG_WARN_EMPTY_BODY = YES;
				CLANG_WARN_ENUM_CONVERSION = YES;
				CLANG_WARN_INFINITE_RECURSION = YES;
				CLANG_WARN_INT_CONVERSION = YES;
				CLANG_WARN_OBJC_ROOT_CLASS = YES_ERROR;
				CLANG_WARN_SUSPICIOUS_MOVE = YES;
				CLANG_WARN_UNREACHABLE_CODE = YES;
				CLANG_WARN__DUPLICATE_METHOD_MATCH = YES;
				"CODE_SIGN_IDENTITY[sdk=iphoneos*]" = "iPhone Developer";
				COPY_PHASE_STRIP = NO;
				DEBUG_INFORMATION_FORMAT = dwarf;
				ENABLE_BITCODE = NO;
				ENABLE_STRICT_OBJC_MSGSEND = YES;
				ENABLE_TESTABILITY = YES;
				GCC_C_LANGUAGE_STANDARD = gnu99;
				GCC_DYNAMIC_NO_PIC = NO;
				GCC_NO_COMMON_BLOCKS = YES;
				GCC_OPTIMIZATION_LEVEL = 0;
				GCC_PREPROCESSOR_DEFINITIONS = (
					"DEBUG=1",
					"$(inherited)",
				);
				GCC_WARN_64_TO_32_BIT_CONVERSION = YES;
				GCC_WARN_ABOUT_RETURN_TYPE = YES_ERROR;
				GCC_WARN_UNDECLARED_SELECTOR = YES;
				GCC_WARN_UNINITIALIZED_AUTOS = YES_AGGRESSIVE;
				GCC_WARN_UNUSED_FUNCTION = YES;
				GCC_WARN_UNUSED_VARIABLE = YES;
				IPHONEOS_DEPLOYMENT_TARGET = 8.0;
				MTL_ENABLE_DEBUG_INFO = YES;
				ONLY_ACTIVE_ARCH = NO;
				SDKROOT = iphoneos;
			};
			name = Debug;
		};
		8BAC017E1F73BBE9006A582C /* Release */ = {
			isa = XCBuildConfiguration;
			buildSettings = {
				ALWAYS_SEARCH_USER_PATHS = NO;
				CLANG_ANALYZER_NONNULL = YES;
				CLANG_CXX_LANGUAGE_STANDARD = "gnu++0x";
				CLANG_CXX_LIBRARY = "libc++";
				CLANG_ENABLE_MODULES = YES;
				CLANG_ENABLE_OBJC_ARC = YES;
				CLANG_WARN_BOOL_CONVERSION = YES;
				CLANG_WARN_CONSTANT_CONVERSION = YES;
				CLANG_WARN_DIRECT_OBJC_ISA_USAGE = YES_ERROR;
				CLANG_WARN_DOCUMENTATION_COMMENTS = YES;
				CLANG_WARN_EMPTY_BODY = YES;
				CLANG_WARN_ENUM_CONVERSION = YES;
				CLANG_WARN_INFINITE_RECURSION = YES;
				CLANG_WARN_INT_CONVERSION = YES;
				CLANG_WARN_OBJC_ROOT_CLASS = YES_ERROR;
				CLANG_WARN_SUSPICIOUS_MOVE = YES;
				CLANG_WARN_UNREACHABLE_CODE = YES;
				CLANG_WARN__DUPLICATE_METHOD_MATCH = YES;
				"CODE_SIGN_IDENTITY[sdk=iphoneos*]" = "iPhone Developer";
				COPY_PHASE_STRIP = NO;
				DEBUG_INFORMATION_FORMAT = "dwarf-with-dsym";
				ENABLE_BITCODE = NO;
				ENABLE_NS_ASSERTIONS = NO;
				ENABLE_STRICT_OBJC_MSGSEND = YES;
				GCC_C_LANGUAGE_STANDARD = gnu99;
				GCC_NO_COMMON_BLOCKS = YES;
				GCC_WARN_64_TO_32_BIT_CONVERSION = YES;
				GCC_WARN_ABOUT_RETURN_TYPE = YES_ERROR;
				GCC_WARN_UNDECLARED_SELECTOR = YES;
				GCC_WARN_UNINITIALIZED_AUTOS = YES_AGGRESSIVE;
				GCC_WARN_UNUSED_FUNCTION = YES;
				GCC_WARN_UNUSED_VARIABLE = YES;
				IPHONEOS_DEPLOYMENT_TARGET = 8.0;
				MTL_ENABLE_DEBUG_INFO = NO;
				ONLY_ACTIVE_ARCH = NO;
				SDKROOT = iphoneos;
				VALIDATE_PRODUCT = YES;
			};
			name = Release;
		};
		8BAC01801F73BBE9006A582C /* Debug */ = {
			isa = XCBuildConfiguration;
			baseConfigurationReference = 7063FE2ECE54AFE525576F0B /* Pods-MediaUnitedKit.debug.xcconfig */;
			buildSettings = {
				ASSETCATALOG_COMPILER_APPICON_NAME = AppIcon;
				DEVELOPMENT_TEAM = GRSZLFFNPH;
				ENABLE_BITCODE = NO;
				GCC_PREFIX_HEADER = "MediaUnitedKit/UnitedKit-Prefix.pch";
				INFOPLIST_FILE = "$(SRCROOT)/MediaUnitedKit/UnitedKit-Info.plist";
				IPHONEOS_DEPLOYMENT_TARGET = 8.0;
				LD_RUNPATH_SEARCH_PATHS = "$(inherited) @executable_path/Frameworks";
				PRODUCT_BUNDLE_IDENTIFIER = com.lea.MediaUnitedKit;
				PRODUCT_NAME = "$(TARGET_NAME)";
			};
			name = Debug;
		};
		8BAC01811F73BBE9006A582C /* Release */ = {
			isa = XCBuildConfiguration;
			baseConfigurationReference = 2A12094C1FC53FC41762BC42 /* Pods-MediaUnitedKit.release.xcconfig */;
			buildSettings = {
				ASSETCATALOG_COMPILER_APPICON_NAME = AppIcon;
				DEVELOPMENT_TEAM = GRSZLFFNPH;
				ENABLE_BITCODE = NO;
				GCC_PREFIX_HEADER = "MediaUnitedKit/UnitedKit-Prefix.pch";
				INFOPLIST_FILE = "$(SRCROOT)/MediaUnitedKit/UnitedKit-Info.plist";
				IPHONEOS_DEPLOYMENT_TARGET = 8.0;
				LD_RUNPATH_SEARCH_PATHS = "$(inherited) @executable_path/Frameworks";
				PRODUCT_BUNDLE_IDENTIFIER = com.lea.MediaUnitedKit;
				PRODUCT_NAME = "$(TARGET_NAME)";
			};
			name = Release;
		};
/* End XCBuildConfiguration section */

/* Begin XCConfigurationList section */
		8BAC01631F73BBE7006A582C /* Build configuration list for PBXProject "MediaUnitedKit" */ = {
			isa = XCConfigurationList;
			buildConfigurations = (
				8BAC017D1F73BBE9006A582C /* Debug */,
				8BAC017E1F73BBE9006A582C /* Release */,
			);
			defaultConfigurationIsVisible = 0;
			defaultConfigurationName = Release;
		};
		8BAC017F1F73BBE9006A582C /* Build configuration list for PBXNativeTarget "MediaUnitedKit" */ = {
			isa = XCConfigurationList;
			buildConfigurations = (
				8BAC01801F73BBE9006A582C /* Debug */,
				8BAC01811F73BBE9006A582C /* Release */,
			);
			defaultConfigurationIsVisible = 0;
			defaultConfigurationName = Release;
		};
/* End XCConfigurationList section */
	};
	rootObject = 8BAC01601F73BBE7006A582C /* Project object */;
}
